{
  "name": "barcode-studio-svg-sidecar",
  "version": "0.1.0",
  "lockfileVersion": 3,
  "requires": true,
  "packages": {
    "": {
      "name": "barcode-studio-svg-sidecar",
      "version": "0.1.0",
      "dependencies": {
        "bwip-js": "^4.5.1"
      }
    },
    "node_modules/bwip-js": {
      "version": "4.10.1",
      "resolved": "https://registry.npmjs.org/bwip-js/-/bwip-js-4.10.1.tgz",
      "integrity": "sha512-I/cEPiXsu7dRCp78PpVY4gdIXmbH752n8dMC+DStM77XPkrzeathdYrjnZ/i/vZPIxXTUWc+JxgJ/MvbodqPLA==",
      "license": "MIT",
      "bin": {
        "bwip-js": "bin/bwip-js.js"
      }
    }
  }
}
